
Microsoft Visual Studio Solution File, Format Version 12.00
# Visual Studio Version 17
VisualStudioVersion = 17.0.31903.59
MinimumVisualStudioVersion = 10.0.40219.1
Project("{2150E333-8FDC-42A3-9474-1A3956D46DE8}") = "src", "src", "{827E0CD3-B72D-47B6-A68D-7590B98EB39B}"
EndProject
Project("{FAE04EC0-301F-11D3-BF4B-00C04F79EFBC}") = "PhotoAlbum.Domain", "src\PhotoAlbum.Domain\PhotoAlbum.Domain.csproj", "{0B61C10D-40DF-4FA3-BAB7-86F4830B91FF}"
EndProject
Project("{FAE04EC0-301F-11D3-BF4B-00C04F79EFBC}") = "PhotoAlbum.Application", "src\PhotoAlbum.Application\PhotoAlbum.Application.csproj", "{8CE9211E-D9FB-4526-BE40-86DDB495D63D}"
EndProject
Project("{FAE04EC0-301F-11D3-BF4B-00C04F79EFBC}") = "PhotoAlbum.Infrastructure", "src\PhotoAlbum.Infrastructure\PhotoAlbum.Infrastructure.csproj", "{ADAA1EEC-9F73-4CC4-B3DE-08507FEE1C7B}"
EndProject
Project("{FAE04EC0-301F-11D3-BF4B-00C04F79EFBC}") = "PhotoAlbum.ViewModels", "src\PhotoAlbum.ViewModels\PhotoAlbum.ViewModels.csproj", "{55DCB44D-3025-495C-85B8-4B57E55855D2}"
EndProject
Project("{FAE04EC0-301F-11D3-BF4B-00C04F79EFBC}") = "PhotoAlbum.Presentation", "src\PhotoAlbum.Presentation\PhotoAlbum.Presentation.csproj", "{868318A2-F4D4-4C41-A0D6-B98DFF4DDC1E}"
EndProject
Project("{FAE04EC0-301F-11D3-BF4B-00C04F79EFBC}") = "PhotoAlbum.Tests", "tests\PhotoAlbum.Tests\PhotoAlbum.Tests.csproj", "{9FBDBD45-F5C2-4E74-AE44-91F7ABC65363}"
EndProject
Global
	GlobalSection(SolutionConfigurationPlatforms) = preSolution
		Debug|Any CPU = Debug|Any CPU
		Debug|x64 = Debug|x64
		Debug|x86 = Debug|x86
		Release|Any CPU = Release|Any CPU
		Release|x64 = Release|x64
		Release|x86 = Release|x86
	EndGlobalSection
	GlobalSection(ProjectConfigurationPlatforms) = postSolution
		{0B61C10D-40DF-4FA3-BAB7-86F4830B91FF}.Debug|Any CPU.ActiveCfg = Debug|Any CPU
		{0B61C10D-40DF-4FA3-BAB7-86F4830B91FF}.Debug|Any CPU.Build.0 = Debug|Any CPU
		{0B61C10D-40DF-4FA3-BAB7-86F4830B91FF}.Debug|x64.ActiveCfg = Debug|Any CPU
		{0B61C10D-40DF-4FA3-BAB7-86F4830B91FF}.Debug|x64.Build.0 = Debug|Any CPU
		{0B61C10D-40DF-4FA3-BAB7-86F4830B91FF}.Debug|x86.ActiveCfg = Debug|Any CPU
		{0B61C10D-40DF-4FA3-BAB7-86F4830B91FF}.Debug|x86.Build.0 = Debug|Any CPU
		{0B61C10D-40DF-4FA3-BAB7-86F4830B91FF}.Release|Any CPU.ActiveCfg = Release|Any CPU
		{0B61C10D-40DF-4FA3-BAB7-86F4830B91FF}.Release|Any CPU.Build.0 = Release|Any CPU
		{0B61C10D-40DF-4FA3-BAB7-86F4830B91FF}.Release|x64.ActiveCfg = Release|Any CPU
		{0B61C10D-40DF-4FA3-BAB7-86F4830B91FF}.Release|x64.Build.0 = Release|Any CPU
		{0B61C10D-40DF-4FA3-BAB7-86F4830B91FF}.Release|x86.ActiveCfg = Release|Any CPU
		{0B61C10D-40DF-4FA3-BAB7-86F4830B91FF}.Release|x86.Build.0 = Release|Any CPU
		{8CE9211E-D9FB-4526-BE40-86DDB495D63D}.Debug|Any CPU.ActiveCfg = Debug|Any CPU
		{8CE9211E-D9FB-4526-BE40-86DDB495D63D}.Debug|Any CPU.Build.0 = Debug|Any CPU
		{8CE9211E-D9FB-4526-BE40-86DDB495D63D}.Debug|x64.ActiveCfg = Debug|Any CPU
		{8CE9211E-D9FB-4526-BE40-86DDB495D63D}.Debug|x64.Build.0 = Debug|Any CPU
		{8CE9211E-D9FB-4526-BE40-86DDB495D63D}.Debug|x86.ActiveCfg = Debug|Any CPU
		{8CE9211E-D9FB-4526-BE40-86DDB495D63D}.Debug|x86.Build.0 = Debug|Any CPU
		{8CE9211E-D9FB-4526-BE40-86DDB495D63D}.Release|Any CPU.ActiveCfg = Release|Any CPU
		{8CE9211E-D9FB-4526-BE40-86DDB495D63D}.Release|Any CPU.Build.0 = Release|Any CPU
		{8CE9211E-D9FB-4526-BE40-86DDB495D63D}.Release|x64.ActiveCfg = Release|Any CPU
		{8CE9211E-D9FB-4526-BE40-86DDB495D63D}.Release|x64.Build.0 = Release|Any CPU
		{8CE9211E-D9FB-4526-BE40-86DDB495D63D}.Release|x86.ActiveCfg = Release|Any CPU
		{8CE9211E-D9FB-4526-BE40-86DDB495D63D}.Release|x86.Build.0 = Release|Any CPU
		{ADAA1EEC-9F73-4CC4-B3DE-08507FEE1C7B}.Debug|Any CPU.ActiveCfg = Debug|Any CPU
		{ADAA1EEC-9F73-4CC4-B3DE-08507FEE1C7B}.Debug|Any CPU.Build.0 = Debug|Any CPU
		{ADAA1EEC-9F73-4CC4-B3DE-08507FEE1C7B}.Debug|x64.ActiveCfg = Debug|Any CPU
		{ADAA1EEC-9F73-4CC4-B3DE-08507FEE1C7B}.Debug|x64.Build.0 = Debug|Any CPU
		{ADAA1EEC-9F73-4CC4-B3DE-08507FEE1C7B}.Debug|x86.ActiveCfg = Debug|Any CPU
		{ADAA1EEC-9F73-4CC4-B3DE-08507FEE1C7B}.Debug|x86.Build.0 = Debug|Any CPU
		{ADAA1EEC-9F73-4CC4-B3DE-08507FEE1C7B}.Release|Any CPU.ActiveCfg = Release|Any CPU
		{ADAA1EEC-9F73-4CC4-B3DE-08507FEE1C7B}.Release|Any CPU.Build.0 = Release|Any CPU
		{ADAA1EEC-9F73-4CC4-B3DE-08507FEE1C7B}.Release|x64.ActiveCfg = Release|Any CPU
		{ADAA1EEC-9F73-4CC4-B3DE-08507FEE1C7B}.Release|x64.Build.0 = Release|Any CPU
		{ADAA1EEC-9F73-4CC4-B3DE-08507FEE1C7B}.Release|x86.ActiveCfg = Release|Any CPU
		{ADAA1EEC-9F73-4CC4-B3DE-08507FEE1C7B}.Release|x86.Build.0 = Release|Any CPU
		{55DCB44D-3025-495C-85B8-4B57E55855D2}.Debug|Any CPU.ActiveCfg = Debug|Any CPU
		{55DCB44D-3025-495C-85B8-4B57E55855D2}.Debug|Any CPU.Build.0 = Debug|Any CPU
		{55DCB44D-3025-495C-85B8-4B57E55855D2}.Debug|x64.ActiveCfg = Debug|Any CPU
		{55DCB44D-3025-495C-85B8-4B57E55855D2}.Debug|x64.Build.0 = Debug|Any CPU
		{55DCB44D-3025-495C-85B8-4B57E55855D2}.Debug|x86.ActiveCfg = Debug|Any CPU
		{55DCB44D-3025-495C-85B8-4B57E55855D2}.Debug|x86.Build.0 = Debug|Any CPU
		{55DCB44D-3025-495C-85B8-4B57E55855D2}.Release|Any CPU.ActiveCfg = Release|Any CPU
		{55DCB44D-3025-495C-85B8-4B57E55855D2}.Release|Any CPU.Build.0 = Release|Any CPU
		{55DCB44D-3025-495C-85B8-4B57E55855D2}.Release|x64.ActiveCfg = Release|Any CPU
		{55DCB44D-3025-495C-85B8-4B57E55855D2}.Release|x64.Build.0 = Release|Any CPU
		{55DCB44D-3025-495C-85B8-4B57E55855D2}.Release|x86.ActiveCfg = Release|Any CPU
		{55DCB44D-3025-495C-85B8-4B57E55855D2}.Release|x86.Build.0 = Release|Any CPU
		{868318A2-F4D4-4C41-A0D6-B98DFF4DDC1E}.Debug|Any CPU.ActiveCfg = Debug|Any CPU
		{868318A2-F4D4-4C41-A0D6-B98DFF4DDC1E}.Debug|Any CPU.Build.0 = Debug|Any CPU
		{868318A2-F4D4-4C41-A0D6-B98DFF4DDC1E}.Debug|x64.ActiveCfg = Debug|Any CPU
		{868318A2-F4D4-4C41-A0D6-B98DFF4DDC1E}.Debug|x64.Build.0 = Debug|Any CPU
		{868318A2-F4D4-4C41-A0D6-B98DFF4DDC1E}.Debug|x86.ActiveCfg = Debug|Any CPU
		{868318A2-F4D4-4C41-A0D6-B98DFF4DDC1E}.Debug|x86.Build.0 = Debug|Any CPU
		{868318A2-F4D4-4C41-A0D6-B98DFF4DDC1E}.Release|Any CPU.ActiveCfg = Release|Any CPU
		{868318A2-F4D4-4C41-A0D6-B98DFF4DDC1E}.Release|Any CPU.Build.0 = Release|Any CPU
		{868318A2-F4D4-4C41-A0D6-B98DFF4DDC1E}.Release|x64.ActiveCfg = Release|Any CPU
		{868318A2-F4D4-4C41-A0D6-B98DFF4DDC1E}.Release|x64.Build.0 = Release|Any CPU
		{868318A2-F4D4-4C41-A0D6-B98DFF4DDC1E}.Release|x86.ActiveCfg = Release|Any CPU
		{868318A2-F4D4-4C41-A0D6-B98DFF4DDC1E}.Release|x86.Build.0 = Release|Any CPU
		{9FBDBD45-F5C2-4E74-AE44-91F7ABC65363}.Debug|Any CPU.ActiveCfg = Debug|Any CPU
		{9FBDBD45-F5C2-4E74-AE44-91F7ABC65363}.Debug|Any CPU.Build.0 = Debug|Any CPU
		{9FBDBD45-F5C2-4E74-AE44-91F7ABC65363}.Debug|x64.ActiveCfg = Debug|Any CPU
		{9FBDBD45-F5C2-4E74-AE44-91F7ABC65363}.Debug|x64.Build.0 = Debug|Any CPU
		{9FBDBD45-F5C2-4E74-AE44-91F7ABC65363}.Debug|x86.ActiveCfg = Debug|Any CPU
		{9FBDBD45-F5C2-4E74-AE44-91F7ABC65363}.Debug|x86.Build.0 = Debug|Any CPU
		{9FBDBD45-F5C2-4E74-AE44-91F7ABC65363}.Release|Any CPU.ActiveCfg = Release|Any CPU
		{9FBDBD45-F5C2-4E74-AE44-91F7ABC65363}.Release|Any CPU.Build.0 = Release|Any CPU
		{9FBDBD45-F5C2-4E74-AE44-91F7ABC65363}.Release|x64.ActiveCfg = Release|Any CPU
		{9FBDBD45-F5C2-4E74-AE44-91F7ABC65363}.Release|x64.Build.0 = Release|Any CPU
		{9FBDBD45-F5C2-4E74-AE44-91F7ABC65363}.Release|x86.ActiveCfg = Release|Any CPU
		{9FBDBD45-F5C2-4E74-AE44-91F7ABC65363}.Release|x86.Build.0 = Release|Any CPU
	EndGlobalSection
	GlobalSection(SolutionProperties) = preSolution
		HideSolutionNode = FALSE
	EndGlobalSection
	GlobalSection(NestedProjects) = preSolution
		{0B61C10D-40DF-4FA3-BAB7-86F4830B91FF} = {827E0CD3-B72D-47B6-A68D-7590B98EB39B}
		{8CE9211E-D9FB-4526-BE40-86DDB495D63D} = {827E0CD3-B72D-47B6-A68D-7590B98EB39B}
		{ADAA1EEC-9F73-4CC4-B3DE-08507FEE1C7B} = {827E0CD3-B72D-47B6-A68D-7590B98EB39B}
		{55DCB44D-3025-495C-85B8-4B57E55855D2} = {827E0CD3-B72D-47B6-A68D-7590B98EB39B}
		{868318A2-F4D4-4C41-A0D6-B98DFF4DDC1E} = {827E0CD3-B72D-47B6-A68D-7590B98EB39B}
		{9FBDBD45-F5C2-4E74-AE44-91F7ABC65363} = {827E0CD3-B72D-47B6-A68D-7590B98EB39B}
	EndGlobalSection
EndGlobal
